// !$*UTF8*$!
{
	archiveVersion = 1;
	classes = {
	};
	objectVersion = 46;
	objects = {

/* Begin PBXBuildFile section */
		A90B6AC21E607C3900F2057E /* FAImageView.m in Sources */ = {isa = PBXBuildFile; fileRef = A90B6ABA1E607C3900F2057E /* FAImageView.m */; };
		A90B6AC31E607C3900F2057E /* FontAwesome.ttf in Resources */ = {isa = PBXBuildFile; fileRef = A90B6ABB1E607C3900F2057E /* FontAwesome.ttf */; };
		A90B6AC41E607C3900F2057E /* NSString+FontAwesome.m in Sources */ = {isa = PBXBuildFile; fileRef = A90B6ABD1E607C3900F2057E /* NSString+FontAwesome.m */; };
		A90B6AC51E607C3900F2057E /* UIFont+FontAwesome.m in Sources */ = {isa = PBXBuildFile; fileRef = A90B6ABF1E607C3900F2057E /* UIFont+FontAwesome.m */; };
		A90B6AC61E607C3900F2057E /* MozTopAlertView.m in Sources */ = {isa = PBXBuildFile; fileRef = A90B6AC11E607C3900F2057E /* MozTopAlertView.m */; };
		A90B6B091E6162A300F2057E /* ShareSDK.framework in Frameworks */ = {isa = PBXBuildFile; fileRef = A90B6ADD1E6162A300F2057E /* ShareSDK.framework */; };
		A90B6B0A1E6162A300F2057E /* ShareSDKConfigFile.bundle in Resources */ = {isa = PBXBuildFile; fileRef = A90B6AE01E6162A300F2057E /* ShareSDKConfigFile.bundle */; };
		A90B6B0B1E6162A300F2057E /* ShareSDKConfigFile.framework in Frameworks */ = {isa = PBXBuildFile; fileRef = A90B6AE11E6162A300F2057E /* ShareSDKConfigFile.framework */; };
		A90B6B0C1E6162A300F2057E /* ShareSDKExtension.framework in Frameworks */ = {isa = PBXBuildFile; fileRef = A90B6AE21E6162A300F2057E /* ShareSDKExtension.framework */; };
		A90B6B0D1E6162A300F2057E /* ShareSDKUI.bundle in Resources */ = {isa = PBXBuildFile; fileRef = A90B6AE31E6162A300F2057E /* ShareSDKUI.bundle */; };
		A90B6B0E1E6162A300F2057E /* ShareSDKUI.framework in Frameworks */ = {isa = PBXBuildFile; fileRef = A90B6AE41E6162A300F2057E /* ShareSDKUI.framework */; };
		A90B6B0F1E6162A300F2057E /* CopyConnector.framework in Frameworks */ = {isa = PBXBuildFile; fileRef = A90B6AE61E6162A300F2057E /* CopyConnector.framework */; };
		A90B6B101E6162A300F2057E /* MailConnector.framework in Frameworks */ = {isa = PBXBuildFile; fileRef = A90B6AE71E6162A300F2057E /* MailConnector.framework */; };
		A90B6B111E6162A300F2057E /* QQConnector.framework in Frameworks */ = {isa = PBXBuildFile; fileRef = A90B6AE81E6162A300F2057E /* QQConnector.framework */; };
		A90B6B121E6162A300F2057E /* SinaWeiboConnector.framework in Frameworks */ = {isa = PBXBuildFile; fileRef = A90B6AE91E6162A300F2057E /* SinaWeiboConnector.framework */; };
		A90B6B131E6162A300F2057E /* SMSConnector.framework in Frameworks */ = {isa = PBXBuildFile; fileRef = A90B6AEA1E6162A300F2057E /* SMSConnector.framework */; };
		A90B6B141E6162A300F2057E /* WechatConnector.framework in Frameworks */ = {isa = PBXBuildFile; fileRef = A90B6AEB1E6162A300F2057E /* WechatConnector.framework */; };
		A90B6B151E6162A300F2057E /* TencentOpenAPI.framework in Frameworks */ = {isa = PBXBuildFile; fileRef = A90B6AEE1E6162A300F2057E /* TencentOpenAPI.framework */; };
		A90B6B161E6162A300F2057E /* TencentOpenApi_IOS_Bundle.bundle in Resources */ = {isa = PBXBuildFile; fileRef = A90B6AEF1E6162A300F2057E /* TencentOpenApi_IOS_Bundle.bundle */; };
		A90B6B171E6162A300F2057E /* libWeiboSDK.a in Frameworks */ = {isa = PBXBuildFile; fileRef = A90B6AF11E6162A300F2057E /* libWeiboSDK.a */; };
		A90B6B181E6162A300F2057E /* WeiboSDK.bundle in Resources */ = {isa = PBXBuildFile; fileRef = A90B6AFB1E6162A300F2057E /* WeiboSDK.bundle */; };
		A90B6B191E6162A300F2057E /* libWeChatSDK.a in Frameworks */ = {isa = PBXBuildFile; fileRef = A90B6AFF1E6162A300F2057E /* libWeChatSDK.a */; };
		A90B6B1A1E6162A300F2057E /* read_me.txt in Resources */ = {isa = PBXBuildFile; fileRef = A90B6B001E6162A300F2057E /* read_me.txt */; };
		A90B6B1B1E6162A300F2057E /* README.txt in Resources */ = {isa = PBXBuildFile; fileRef = A90B6B011E6162A300F2057E /* README.txt */; };
		A90B6B1C1E6162A300F2057E /* MOBFoundation.framework in Frameworks */ = {isa = PBXBuildFile; fileRef = A90B6B061E6162A300F2057E /* MOBFoundation.framework */; };
		A90B6B1D1E6162A300F2057E /* ShareSDK.bundle in Resources */ = {isa = PBXBuildFile; fileRef = A90B6B071E6162A300F2057E /* ShareSDK.bundle */; };
		A90B6B1E1E6162A300F2057E /* ShareSDKConnector.framework in Frameworks */ = {isa = PBXBuildFile; fileRef = A90B6B081E6162A300F2057E /* ShareSDKConnector.framework */; };
		A90BEB1D1E6024CE00B17E58 /* ImageIO.framework in Frameworks */ = {isa = PBXBuildFile; fileRef = A90BEB1C1E6024CE00B17E58 /* ImageIO.framework */; };
		A9D7502E1E5C804E00A9662F /* main.m in Sources */ = {isa = PBXBuildFile; fileRef = A9D7502D1E5C804E00A9662F /* main.m */; };
		A9D750311E5C804E00A9662F /* AppDelegate.m in Sources */ = {isa = PBXBuildFile; fileRef = A9D750301E5C804E00A9662F /* AppDelegate.m */; };
		A9D750371E5C804E00A9662F /* Main.storyboard in Resources */ = {isa = PBXBuildFile; fileRef = A9D750351E5C804E00A9662F /* Main.storyboard */; };
		A9D750391E5C804E00A9662F /* Assets.xcassets in Resources */ = {isa = PBXBuildFile; fileRef = A9D750381E5C804E00A9662F /* Assets.xcassets */; };
		A9D7503C1E5C804E00A9662F /* LaunchScreen.storyboard in Resources */ = {isa = PBXBuildFile; fileRef = A9D7503A1E5C804E00A9662F /* LaunchScreen.storyboard */; };
		A9D750471E5C804E00A9662F /* PercentAPPTests.m in Sources */ = {isa = PBXBuildFile; fileRef = A9D750461E5C804E00A9662F /* PercentAPPTests.m */; };
		A9D750521E5C804E00A9662F /* PercentAPPUITests.m in Sources */ = {isa = PBXBuildFile; fileRef = A9D750511E5C804E00A9662F /* PercentAPPUITests.m */; };
		A9E9C9811E5D1A4C002F46BA /* YearViewController.m in Sources */ = {isa = PBXBuildFile; fileRef = A9E9C9801E5D1A4C002F46BA /* YearViewController.m */; };
		A9E9C98F1E5D23C0002F46BA /* STLoopProgressView+BaseConfiguration.m in Sources */ = {isa = PBXBuildFile; fileRef = A9E9C98C1E5D23C0002F46BA /* STLoopProgressView+BaseConfiguration.m */; };
		A9E9C9901E5D23C0002F46BA /* STLoopProgressView.m in Sources */ = {isa = PBXBuildFile; fileRef = A9E9C98E1E5D23C0002F46BA /* STLoopProgressView.m */; };
		A9E9C9931E5D27CD002F46BA /* BaseViewController.m in Sources */ = {isa = PBXBuildFile; fileRef = A9E9C9921E5D27CD002F46BA /* BaseViewController.m */; };
		A9E9C9BC1E5D7819002F46BA /* libz.tbd in Frameworks */ = {isa = PBXBuildFile; fileRef = A9E9C9BB1E5D7819002F46BA /* libz.tbd */; };
		A9E9C9BE1E5D7827002F46BA /* libicucore.tbd in Frameworks */ = {isa = PBXBuildFile; fileRef = A9E9C9BD1E5D7827002F46BA /* libicucore.tbd */; };
		A9E9C9C01E5D782F002F46BA /* libstdc++.tbd in Frameworks */ = {isa = PBXBuildFile; fileRef = A9E9C9BF1E5D782F002F46BA /* libstdc++.tbd */; };
		A9E9C9C21E5D7837002F46BA /* JavaScriptCore.framework in Frameworks */ = {isa = PBXBuildFile; fileRef = A9E9C9C11E5D7837002F46BA /* JavaScriptCore.framework */; };
		A9E9C9C41E5D7849002F46BA /* libsqlite3.tbd in Frameworks */ = {isa = PBXBuildFile; fileRef = A9E9C9C31E5D7849002F46BA /* libsqlite3.tbd */; };
		A9E9C9CA1E5D97AD002F46BA /* UICountingLabel.m in Sources */ = {isa = PBXBuildFile; fileRef = A9E9C9C91E5D97AD002F46BA /* UICountingLabel.m */; };
		A9E9C9CD1E5E6C13002F46BA /* MonthViewController.m in Sources */ = {isa = PBXBuildFile; fileRef = A9E9C9CC1E5E6C13002F46BA /* MonthViewController.m */; };
		A9E9C9D11E5E7BF9002F46BA /* DayViewController.m in Sources */ = {isa = PBXBuildFile; fileRef = A9E9C9D01E5E7BF9002F46BA /* DayViewController.m */; };
		E827E5BC24DC2A1594A05553 /* Pods_PercentAPP.framework in Frameworks */ = {isa = PBXBuildFile; fileRef = 21E5B372AE999EF43535BA97 /* Pods_PercentAPP.framework */; };
/* End PBXBuildFile section */

/* Begin PBXContainerItemProxy section */
		A9D750431E5C804E00A9662F /* PBXContainerItemProxy */ = {
			isa = PBXContainerItemProxy;
			containerPortal = A9D750211E5C804E00A9662F /* Project object */;
			proxyType = 1;
			remoteGlobalIDString = A9D750281E5C804E00A9662F;
			remoteInfo = PercentAPP;
		};
		A9D7504E1E5C804E00A9662F /* PBXContainerItemProxy */ = {
			isa = PBXContainerItemProxy;
			containerPortal = A9D750211E5C804E00A9662F /* Project object */;
			proxyType = 1;
			remoteGlobalIDString = A9D750281E5C804E00A9662F;
			remoteInfo = PercentAPP;
		};
/* End PBXContainerItemProxy section */

/* Begin PBXFileReference section */
		21E5B372AE999EF43535BA97 /* Pods_PercentAPP.framework */ = {isa = PBXFileReference; explicitFileType = wrapper.framework; includeInIndex = 0; path = Pods_PercentAPP.framework; sourceTree = BUILT_PRODUCTS_DIR; };
		24E3C30FA81170A76D236A21 /* Pods-PercentAPP.debug.xcconfig */ = {isa = PBXFileReference; includeInIndex = 1; lastKnownFileType = text.xcconfig; name = "Pods-PercentAPP.debug.xcconfig"; path = "Pods/Target Support Files/Pods-PercentAPP/Pods-PercentAPP.debug.xcconfig"; sourceTree = "<group>"; };
		71BEC15631B6CB5F2A3A92E9 /* Pods-PercentAPP.release.xcconfig */ = {isa = PBXFileReference; includeInIndex = 1; lastKnownFileType = text.xcconfig; name = "Pods-PercentAPP.release.xcconfig"; path = "Pods/Target Support Files/Pods-PercentAPP/Pods-PercentAPP.release.xcconfig"; sourceTree = "<group>"; };
		A90B6AAE1E60778B00F2057E /* UIKit.framework */ = {isa = PBXFileReference; lastKnownFileType = wrapper.framework; name = UIKit.framework; path = System/Library/Frameworks/UIKit.framework; sourceTree = SDKROOT; };
		A90B6AB31E6078D900F2057E /* CoreGraphics.framework */ = {isa = PBXFileReference; lastKnownFileType = wrapper.framework; name = CoreGraphics.framework; path = System/Library/Frameworks/CoreGraphics.framework; sourceTree = SDKROOT; };
		A90B6AB51E6078E800F2057E /* Foundation.framework */ = {isa = PBXFileReference; lastKnownFileType = wrapper.framework; name = Foundation.framework; path = System/Library/Frameworks/Foundation.framework; sourceTree = SDKROOT; };
		A90B6AB91E607C3900F2057E /* FAImageView.h */ = {isa = PBXFileReference; fileEncoding = 4; lastKnownFileType = sourcecode.c.h; path = FAImageView.h; sourceTree = "<group>"; };
		A90B6ABA1E607C3900F2057E /* FAImageView.m */ = {isa = PBXFileReference; fileEncoding = 4; lastKnownFileType = sourcecode.c.objc; path = FAImageView.m; sourceTree = "<group>"; };
		A90B6ABB1E607C3900F2057E /* FontAwesome.ttf */ = {isa = PBXFileReference; lastKnownFileType = file; path = FontAwesome.ttf; sourceTree = "<group>"; };
		A90B6ABC1E607C3900F2057E /* NSString+FontAwesome.h */ = {isa = PBXFileReference; fileEncoding = 4; lastKnownFileType = sourcecode.c.h; path = "NSString+FontAwesome.h"; sourceTree = "<group>"; };
		A90B6ABD1E607C3900F2057E /* NSString+FontAwesome.m */ = {isa = PBXFileReference; fileEncoding = 4; lastKnownFileType = sourcecode.c.objc; path = "NSString+FontAwesome.m"; sourceTree = "<group>"; };
		A90B6ABE1E607C3900F2057E /* UIFont+FontAwesome.h */ = {isa = PBXFileReference; fileEncoding = 4; lastKnownFileType = sourcecode.c.h; path = "UIFont+FontAwesome.h"; sourceTree = "<group>"; };
		A90B6ABF1E607C3900F2057E /* UIFont+FontAwesome.m */ = {isa = PBXFileReference; fileEncoding = 4; lastKnownFileType = sourcecode.c.objc; path = "UIFont+FontAwesome.m"; sourceTree = "<group>"; };
		A90B6AC01E607C3900F2057E /* MozTopAlertView.h */ = {isa = PBXFileReference; fileEncoding = 4; lastKnownFileType = sourcecode.c.h; path = MozTopAlertView.h; sourceTree = "<group>"; };
		A90B6AC11E607C3900F2057E /* MozTopAlertView.m */ = {isa = PBXFileReference; fileEncoding = 4; lastKnownFileType = sourcecode.c.objc; path = MozTopAlertView.m; sourceTree = "<group>"; };
		A90B6ADD1E6162A300F2057E /* ShareSDK.framework */ = {isa = PBXFileReference; lastKnownFileType = wrapper.framework; path = ShareSDK.framework; sourceTree = "<group>"; };
		A90B6AE01E6162A300F2057E /* ShareSDKConfigFile.bundle */ = {isa = PBXFileReference; lastKnownFileType = "wrapper.plug-in"; path = ShareSDKConfigFile.bundle; sourceTree = "<group>"; };
		A90B6AE11E6162A300F2057E /* ShareSDKConfigFile.framework */ = {isa = PBXFileReference; lastKnownFileType = wrapper.framework; path = ShareSDKConfigFile.framework; sourceTree = "<group>"; };
		A90B6AE21E6162A300F2057E /* ShareSDKExtension.framework */ = {isa = PBXFileReference; lastKnownFileType = wrapper.framework; path = ShareSDKExtension.framework; sourceTree = "<group>"; };
		A90B6AE31E6162A300F2057E /* ShareSDKUI.bundle */ = {isa = PBXFileReference; lastKnownFileType = "wrapper.plug-in"; path = ShareSDKUI.bundle; sourceTree = "<group>"; };
		A90B6AE41E6162A300F2057E /* ShareSDKUI.framework */ = {isa = PBXFileReference; lastKnownFileType = wrapper.framework; path = ShareSDKUI.framework; sourceTree = "<group>"; };
		A90B6AE61E6162A300F2057E /* CopyConnector.framework */ = {isa = PBXFileReference; lastKnownFileType = wrapper.framework; path = CopyConnector.framework; sourceTree = "<group>"; };
		A90B6AE71E6162A300F2057E /* MailConnector.framework */ = {isa = PBXFileReference; lastKnownFileType = wrapper.framework; path = MailConnector.framework; sourceTree = "<group>"; };
		A90B6AE81E6162A300F2057E /* QQConnector.framework */ = {isa = PBXFileReference; lastKnownFileType = wrapper.framework; path = QQConnector.framework; sourceTree = "<group>"; };
		A90B6AE91E6162A300F2057E /* SinaWeiboConnector.framework */ = {isa = PBXFileReference; lastKnownFileType = wrapper.framework; path = SinaWeiboConnector.framework; sourceTree = "<group>"; };
		A90B6AEA1E6162A300F2057E /* SMSConnector.framework */ = {isa = PBXFileReference; lastKnownFileType = wrapper.framework; path = SMSConnector.framework; sourceTree = "<group>"; };
		A90B6AEB1E6162A300F2057E /* WechatConnector.framework */ = {isa = PBXFileReference; lastKnownFileType = wrapper.framework; path = WechatConnector.framework; sourceTree = "<group>"; };
		A90B6AEE1E6162A300F2057E /* TencentOpenAPI.framework */ = {isa = PBXFileReference; lastKnownFileType = wrapper.framework; path = TencentOpenAPI.framework; sourceTree = "<group>"; };
		A90B6AEF1E6162A300F2057E /* TencentOpenApi_IOS_Bundle.bundle */ = {isa = PBXFileReference; lastKnownFileType = "wrapper.plug-in"; path = TencentOpenApi_IOS_Bundle.bundle; sourceTree = "<group>"; };
		A90B6AF11E6162A300F2057E /* libWeiboSDK.a */ = {isa = PBXFileReference; lastKnownFileType = archive.ar; path = libWeiboSDK.a; sourceTree = "<group>"; };
		A90B6AF21E6162A300F2057E /* WBHttpRequest+WeiboGame.h */ = {isa = PBXFileReference; fileEncoding = 4; lastKnownFileType = sourcecode.c.h; path = "WBHttpRequest+WeiboGame.h"; sourceTree = "<group>"; };
		A90B6AF31E6162A300F2057E /* WBHttpRequest+WeiboShare.h */ = {isa = PBXFileReference; fileEncoding = 4; lastKnownFileType = sourcecode.c.h; path = "WBHttpRequest+WeiboShare.h"; sourceTree = "<group>"; };
		A90B6AF41E6162A300F2057E /* WBHttpRequest+WeiboToken.h */ = {isa = PBXFileReference; fileEncoding = 4; lastKnownFileType = sourcecode.c.h; path = "WBHttpRequest+WeiboToken.h"; sourceTree = "<group>"; };
		A90B6AF51E6162A300F2057E /* WBHttpRequest+WeiboUser.h */ = {isa = PBXFileReference; fileEncoding = 4; lastKnownFileType = sourcecode.c.h; path = "WBHttpRequest+WeiboUser.h"; sourceTree = "<group>"; };
		A90B6AF61E6162A300F2057E /* WBHttpRequest.h */ = {isa = PBXFileReference; fileEncoding = 4; lastKnownFileType = sourcecode.c.h; path = WBHttpRequest.h; sourceTree = "<group>"; };
		A90B6AF71E6162A300F2057E /* WBSDKBasicButton.h */ = {isa = PBXFileReference; fileEncoding = 4; lastKnownFileType = sourcecode.c.h; path = WBSDKBasicButton.h; sourceTree = "<group>"; };
		A90B6AF81E6162A300F2057E /* WBSDKCommentButton.h */ = {isa = PBXFileReference; fileEncoding = 4; lastKnownFileType = sourcecode.c.h; path = WBSDKCommentButton.h; sourceTree = "<group>"; };
		A90B6AF91E6162A300F2057E /* WBSDKRelationshipButton.h */ = {isa = PBXFileReference; fileEncoding = 4; lastKnownFileType = sourcecode.c.h; path = WBSDKRelationshipButton.h; sourceTree = "<group>"; };
		A90B6AFA1E6162A300F2057E /* WeiboSDK+Statistics.h */ = {isa = PBXFileReference; fileEncoding = 4; lastKnownFileType = sourcecode.c.h; path = "WeiboSDK+Statistics.h"; sourceTree = "<group>"; };
		A90B6AFB1E6162A300F2057E /* WeiboSDK.bundle */ = {isa = PBXFileReference; lastKnownFileType = "wrapper.plug-in"; path = WeiboSDK.bundle; sourceTree = "<group>"; };
		A90B6AFC1E6162A300F2057E /* WeiboSDK.h */ = {isa = PBXFileReference; fileEncoding = 4; lastKnownFileType = sourcecode.c.h; path = WeiboSDK.h; sourceTree = "<group>"; };
		A90B6AFD1E6162A300F2057E /* WeiboUser.h */ = {isa = PBXFileReference; fileEncoding = 4; lastKnownFileType = sourcecode.c.h; path = WeiboUser.h; sourceTree = "<group>"; };
		A90B6AFF1E6162A300F2057E /* libWeChatSDK.a */ = {isa = PBXFileReference; lastKnownFileType = archive.ar; path = libWeChatSDK.a; sourceTree = "<group>"; };
		A90B6B001E6162A300F2057E /* read_me.txt */ = {isa = PBXFileReference; fileEncoding = 4; lastKnownFileType = text; path = read_me.txt; sourceTree = "<group>"; };
		A90B6B011E6162A300F2057E /* README.txt */ = {isa = PBXFileReference; fileEncoding = 4; lastKnownFileType = text; path = README.txt; sourceTree = "<group>"; };
		A90B6B021E6162A300F2057E /* WechatAuthSDK.h */ = {isa = PBXFileReference; fileEncoding = 4; lastKnownFileType = sourcecode.c.h; path = WechatAuthSDK.h; sourceTree = "<group>"; };
		A90B6B031E6162A300F2057E /* WXApi.h */ = {isa = PBXFileReference; fileEncoding = 4; lastKnownFileType = sourcecode.c.h; path = WXApi.h; sourceTree = "<group>"; };
		A90B6B041E6162A300F2057E /* WXApiObject.h */ = {isa = PBXFileReference; fileEncoding = 4; lastKnownFileType = sourcecode.c.h; path = WXApiObject.h; sourceTree = "<group>"; };
		A90B6B061E6162A300F2057E /* MOBFoundation.framework */ = {isa = PBXFileReference; lastKnownFileType = wrapper.framework; path = MOBFoundation.framework; sourceTree = "<group>"; };
		A90B6B071E6162A300F2057E /* ShareSDK.bundle */ = {isa = PBXFileReference; lastKnownFileType = "wrapper.plug-in"; path = ShareSDK.bundle; sourceTree = "<group>"; };
		A90B6B081E6162A300F2057E /* ShareSDKConnector.framework */ = {isa = PBXFileReference; lastKnownFileType = wrapper.framework; path = ShareSDKConnector.framework; sourceTree = "<group>"; };
		A90BEB1C1E6024CE00B17E58 /* ImageIO.framework */ = {isa = PBXFileReference; lastKnownFileType = wrapper.framework; name = ImageIO.framework; path = System/Library/Frameworks/ImageIO.framework; sourceTree = SDKROOT; };
		A9D750291E5C804E00A9662F /* PercentAPP.app */ = {isa = PBXFileReference; explicitFileType = wrapper.application; includeInIndex = 0; path = PercentAPP.app; sourceTree = BUILT_PRODUCTS_DIR; };
		A9D7502D1E5C804E00A9662F /* main.m */ = {isa = PBXFileReference; lastKnownFileType = sourcecode.c.objc; path = main.m; sourceTree = "<group>"; };
		A9D7502F1E5C804E00A9662F /* AppDelegate.h */ = {isa = PBXFileReference; lastKnownFileType = sourcecode.c.h; path = AppDelegate.h; sourceTree = "<group>"; };
		A9D750301E5C804E00A9662F /* AppDelegate.m */ = {isa = PBXFileReference; lastKnownFileType = sourcecode.c.objc; path = AppDelegate.m; sourceTree = "<group>"; };
		A9D750361E5C804E00A9662F /* Base */ = {isa = PBXFileReference; lastKnownFileType = file.storyboard; name = Base; path = Base.lproj/Main.storyboard; sourceTree = "<group>"; };
		A9D750381E5C804E00A9662F /* Assets.xcassets */ = {isa = PBXFileReference; lastKnownFileType = folder.assetcatalog; path = Assets.xcassets; sourceTree = "<group>"; };
		A9D7503B1E5C804E00A9662F /* Base */ = {isa = PBXFileReference; lastKnownFileType = file.storyboard; name = Base; path = Base.lproj/LaunchScreen.storyboard; sourceTree = "<group>"; };
		A9D7503D1E5C804E00A9662F /* Info.plist */ = {isa = PBXFileReference; lastKnownFileType = text.plist.xml; path = Info.plist; sourceTree = "<group>"; };
		A9D750421E5C804E00A9662F /* PercentAPPTests.xctest */ = {isa = PBXFileReference; explicitFileType = wrapper.cfbundle; includeInIndex = 0; path = PercentAPPTests.xctest; sourceTree = BUILT_PRODUCTS_DIR; };
		A9D750461E5C804E00A9662F /* PercentAPPTests.m */ = {isa = PBXFileReference; lastKnownFileType = sourcecode.c.objc; path = PercentAPPTests.m; sourceTree = "<group>"; };
		A9D750481E5C804E00A9662F /* Info.plist */ = {isa = PBXFileReference; lastKnownFileType = text.plist.xml; path = Info.plist; sourceTree = "<group>"; };
		A9D7504D1E5C804E00A9662F /* PercentAPPUITests.xctest */ = {isa = PBXFileReference; explicitFileType = wrapper.cfbundle; includeInIndex = 0; path = PercentAPPUITests.xctest; sourceTree = BUILT_PRODUCTS_DIR; };
		A9D750511E5C804E00A9662F /* PercentAPPUITests.m */ = {isa = PBXFileReference; lastKnownFileType = sourcecode.c.objc; path = PercentAPPUITests.m; sourceTree = "<group>"; };
		A9D750531E5C804E00A9662F /* Info.plist */ = {isa = PBXFileReference; lastKnownFileType = text.plist.xml; path = Info.plist; sourceTree = "<group>"; };
		A9E9C97F1E5D1A4C002F46BA /* YearViewController.h */ = {isa = PBXFileReference; fileEncoding = 4; lastKnownFileType = sourcecode.c.h; path = YearViewController.h; sourceTree = "<group>"; };
		A9E9C9801E5D1A4C002F46BA /* YearViewController.m */ = {isa = PBXFileReference; fileEncoding = 4; lastKnownFileType = sourcecode.c.objc; path = YearViewController.m; sourceTree = "<group>"; };
		A9E9C98B1E5D23C0002F46BA /* STLoopProgressView+BaseConfiguration.h */ = {isa = PBXFileReference; fileEncoding = 4; lastKnownFileType = sourcecode.c.h; path = "STLoopProgressView+BaseConfiguration.h"; sourceTree = "<group>"; };
		A9E9C98C1E5D23C0002F46BA /* STLoopProgressView+BaseConfiguration.m */ = {isa = PBXFileReference; fileEncoding = 4; lastKnownFileType = sourcecode.c.objc; path = "STLoopProgressView+BaseConfiguration.m"; sourceTree = "<group>"; };
		A9E9C98D1E5D23C0002F46BA /* STLoopProgressView.h */ = {isa = PBXFileReference; fileEncoding = 4; lastKnownFileType = sourcecode.c.h; path = STLoopProgressView.h; sourceTree = "<group>"; };
		A9E9C98E1E5D23C0002F46BA /* STLoopProgressView.m */ = {isa = PBXFileReference; fileEncoding = 4; lastKnownFileType = sourcecode.c.objc; path = STLoopProgressView.m; sourceTree = "<group>"; };
		A9E9C9911E5D27CD002F46BA /* BaseViewController.h */ = {isa = PBXFileReference; fileEncoding = 4; lastKnownFileType = sourcecode.c.h; path = BaseViewController.h; sourceTree = "<group>"; };
		A9E9C9921E5D27CD002F46BA /* BaseViewController.m */ = {isa = PBXFileReference; fileEncoding = 4; lastKnownFileType = sourcecode.c.objc; path = BaseViewController.m; sourceTree = "<group>"; };
		A9E9C9BB1E5D7819002F46BA /* libz.tbd */ = {isa = PBXFileReference; lastKnownFileType = "sourcecode.text-based-dylib-definition"; name = libz.tbd; path = usr/lib/libz.tbd; sourceTree = SDKROOT; };
		A9E9C9BD1E5D7827002F46BA /* libicucore.tbd */ = {isa = PBXFileReference; lastKnownFileType = "sourcecode.text-based-dylib-definition"; name = libicucore.tbd; path = usr/lib/libicucore.tbd; sourceTree = SDKROOT; };
		A9E9C9BF1E5D782F002F46BA /* libstdc++.tbd */ = {isa = PBXFileReference; lastKnownFileType = "sourcecode.text-based-dylib-definition"; name = "libstdc++.tbd"; path = "usr/lib/libstdc++.tbd"; sourceTree = SDKROOT; };
		A9E9C9C11E5D7837002F46BA /* JavaScriptCore.framework */ = {isa = PBXFileReference; lastKnownFileType = wrapper.framework; name = JavaScriptCore.framework; path = System/Library/Frameworks/JavaScriptCore.framework; sourceTree = SDKROOT; };
		A9E9C9C31E5D7849002F46BA /* libsqlite3.tbd */ = {isa = PBXFileReference; lastKnownFileType = "sourcecode.text-based-dylib-definition"; name = libsqlite3.tbd; path = usr/lib/libsqlite3.tbd; sourceTree = SDKROOT; };
		A9E9C9C51E5D9189002F46BA /* zh-Hans */ = {isa = PBXFileReference; lastKnownFileType = text.plist.strings; name = "zh-Hans"; path = "zh-Hans.lproj/Main.strings"; sourceTree = "<group>"; };
		A9E9C9C61E5D9189002F46BA /* zh-Hans */ = {isa = PBXFileReference; lastKnownFileType = text.plist.strings; name = "zh-Hans"; path = "zh-Hans.lproj/LaunchScreen.strings"; sourceTree = "<group>"; };
		A9E9C9C81E5D97AD002F46BA /* UICountingLabel.h */ = {isa = PBXFileReference; fileEncoding = 4; lastKnownFileType = sourcecode.c.h; path = UICountingLabel.h; sourceTree = "<group>"; };
		A9E9C9C91E5D97AD002F46BA /* UICountingLabel.m */ = {isa = PBXFileReference; fileEncoding = 4; lastKnownFileType = sourcecode.c.objc; path = UICountingLabel.m; sourceTree = "<group>"; };
		A9E9C9CB1E5E6C13002F46BA /* MonthViewController.h */ = {isa = PBXFileReference; fileEncoding = 4; lastKnownFileType = sourcecode.c.h; path = MonthViewController.h; sourceTree = "<group>"; };
		A9E9C9CC1E5E6C13002F46BA /* MonthViewController.m */ = {isa = PBXFileReference; fileEncoding = 4; lastKnownFileType = sourcecode.c.objc; path = MonthViewController.m; sourceTree = "<group>"; };
		A9E9C9CF1E5E7BF9002F46BA /* DayViewController.h */ = {isa = PBXFileReference; fileEncoding = 4; lastKnownFileType = sourcecode.c.h; path = DayViewController.h; sourceTree = "<group>"; };
		A9E9C9D01E5E7BF9002F46BA /* DayViewController.m */ = {isa = PBXFileReference; fileEncoding = 4; lastKnownFileType = sourcecode.c.objc; path = DayViewController.m; sourceTree = "<group>"; };
/* End PBXFileReference section */

/* Begin PBXFrameworksBuildPhase section */
		A9D750261E5C804E00A9662F /* Frameworks */ = {
			isa = PBXFrameworksBuildPhase;
			buildActionMask = 2147483647;
			files = (
				A90B6B131E6162A300F2057E /* SMSConnector.framework in Frameworks */,
				A90B6B151E6162A300F2057E /* TencentOpenAPI.framework in Frameworks */,
				A90B6B141E6162A300F2057E /* WechatConnector.framework in Frameworks */,
				A90B6B1E1E6162A300F2057E /* ShareSDKConnector.framework in Frameworks */,
				A90B6B0E1E6162A300F2057E /* ShareSDKUI.framework in Frameworks */,
				A9E9C9C41E5D7849002F46BA /* libsqlite3.tbd in Frameworks */,
				A90B6B0B1E6162A300F2057E /* ShareSDKConfigFile.framework in Frameworks */,
				A90B6B1C1E6162A300F2057E /* MOBFoundation.framework in Frameworks */,
				A90BEB1D1E6024CE00B17E58 /* ImageIO.framework in Frameworks */,
				A90B6B121E6162A300F2057E /* SinaWeiboConnector.framework in Frameworks */,
				A90B6B111E6162A300F2057E /* QQConnector.framework in Frameworks */,
				A9E9C9C21E5D7837002F46BA /* JavaScriptCore.framework in Frameworks */,
				A90B6B171E6162A300F2057E /* libWeiboSDK.a in Frameworks */,
				A90B6B091E6162A300F2057E /* ShareSDK.framework in Frameworks */,
				A9E9C9C01E5D782F002F46BA /* libstdc++.tbd in Frameworks */,
				A9E9C9BE1E5D7827002F46BA /* libicucore.tbd in Frameworks */,
				A90B6B191E6162A300F2057E /* libWeChatSDK.a in Frameworks */,
				A90B6B0C1E6162A300F2057E /* ShareSDKExtension.framework in Frameworks */,
				A90B6B101E6162A300F2057E /* MailConnector.framework in Frameworks */,
				A90B6B0F1E6162A300F2057E /* CopyConnector.framework in Frameworks */,
				A9E9C9BC1E5D7819002F46BA /* libz.tbd in Frameworks */,
				E827E5BC24DC2A1594A05553 /* Pods_PercentAPP.framework in Frameworks */,
			);
			runOnlyForDeploymentPostprocessing = 0;
		};
		A9D7503F1E5C804E00A9662F /* Frameworks */ = {
			isa = PBXFrameworksBuildPhase;
			buildActionMask = 2147483647;
			files = (
			);
			runOnlyForDeploymentPostprocessing = 0;
		};
		A9D7504A1E5C804E00A9662F /* Frameworks */ = {
			isa = PBXFrameworksBuildPhase;
			buildActionMask = 2147483647;
			files = (
			);
			runOnlyForDeploymentPostprocessing = 0;
		};
/* End PBXFrameworksBuildPhase section */

/* Begin PBXGroup section */
		91CD3208580552C05D993CA7 /* Pods */ = {
			isa = PBXGroup;
			children = (
				24E3C30FA81170A76D236A21 /* Pods-PercentAPP.debug.xcconfig */,
				71BEC15631B6CB5F2A3A92E9 /* Pods-PercentAPP.release.xcconfig */,
			);
			name = Pods;
			sourceTree = "<group>";
		};
		A90B6AB71E607C3900F2057E /* TopAlertView */ = {
			isa = PBXGroup;
			children = (
				A90B6AB81E607C3900F2057E /* fontawesome */,
				A90B6AC01E607C3900F2057E /* MozTopAlertView.h */,
				A90B6AC11E607C3900F2057E /* MozTopAlertView.m */,
			);
			path = TopAlertView;
			sourceTree = "<group>";
		};
		A90B6AB81E607C3900F2057E /* fontawesome */ = {
			isa = PBXGroup;
			children = (
				A90B6AB91E607C3900F2057E /* FAImageView.h */,
				A90B6ABA1E607C3900F2057E /* FAImageView.m */,
				A90B6ABB1E607C3900F2057E /* FontAwesome.ttf */,
				A90B6ABC1E607C3900F2057E /* NSString+FontAwesome.h */,
				A90B6ABD1E607C3900F2057E /* NSString+FontAwesome.m */,
				A90B6ABE1E607C3900F2057E /* UIFont+FontAwesome.h */,
				A90B6ABF1E607C3900F2057E /* UIFont+FontAwesome.m */,
			);
			path = fontawesome;
			sourceTree = "<group>";
		};
		A90B6ADC1E6162A300F2057E /* ShareSDK */ = {
			isa = PBXGroup;
			children = (
				A90B6ADD1E6162A300F2057E /* ShareSDK.framework */,
				A90B6ADE1E6162A300F2057E /* Support */,
			);
			path = ShareSDK;
			sourceTree = "<group>";
		};
		A90B6ADE1E6162A300F2057E /* Support */ = {
			isa = PBXGroup;
			children = (
				A90B6ADF1E6162A300F2057E /* Optional */,
				A90B6AE51E6162A300F2057E /* PlatformConnector */,
				A90B6AEC1E6162A300F2057E /* PlatformSDK */,
				A90B6B051E6162A300F2057E /* Required */,
			);
			path = Support;
			sourceTree = "<group>";
		};
		A90B6ADF1E6162A300F2057E /* Optional */ = {
			isa = PBXGroup;
			children = (
				A90B6AE01E6162A300F2057E /* ShareSDKConfigFile.bundle */,
				A90B6AE11E6162A300F2057E /* ShareSDKConfigFile.framework */,
				A90B6AE21E6162A300F2057E /* ShareSDKExtension.framework */,
				A90B6AE31E6162A300F2057E /* ShareSDKUI.bundle */,
				A90B6AE41E6162A300F2057E /* ShareSDKUI.framework */,
			);
			path = Optional;
			sourceTree = "<group>";
		};
		A90B6AE51E6162A300F2057E /* PlatformConnector */ = {
			isa = PBXGroup;
			children = (
				A90B6AE61E6162A300F2057E /* CopyConnector.framework */,
				A90B6AE71E6162A300F2057E /* MailConnector.framework */,
				A90B6AE81E6162A300F2057E /* QQConnector.framework */,
				A90B6AE91E6162A300F2057E /* SinaWeiboConnector.framework */,
				A90B6AEA1E6162A300F2057E /* SMSConnector.framework */,
				A90B6AEB1E6162A300F2057E /* WechatConnector.framework */,
			);
			path = PlatformConnector;
			sourceTree = "<group>";
		};
		A90B6AEC1E6162A300F2057E /* PlatformSDK */ = {
			isa = PBXGroup;
			children = (
				A90B6AED1E6162A300F2057E /* QQSDK */,
				A90B6AF01E6162A300F2057E /* SinaWeiboSDK */,
				A90B6AFE1E6162A300F2057E /* WeChatSDK */,
			);
			path = PlatformSDK;
			sourceTree = "<group>";
		};
		A90B6AED1E6162A300F2057E /* QQSDK */ = {
			isa = PBXGroup;
			children = (
				A90B6AEE1E6162A300F2057E /* TencentOpenAPI.framework */,
				A90B6AEF1E6162A300F2057E /* TencentOpenApi_IOS_Bundle.bundle */,
			);
			path = QQSDK;
			sourceTree = "<group>";
		};
		A90B6AF01E6162A300F2057E /* SinaWeiboSDK */ = {
			isa = PBXGroup;
			children = (
				A90B6AF11E6162A300F2057E /* libWeiboSDK.a */,
				A90B6AF21E6162A300F2057E /* WBHttpRequest+WeiboGame.h */,
				A90B6AF31E6162A300F2057E /* WBHttpRequest+WeiboShare.h */,
				A90B6AF41E6162A300F2057E /* WBHttpRequest+WeiboToken.h */,
				A90B6AF51E6162A300F2057E /* WBHttpRequest+WeiboUser.h */,
				A90B6AF61E6162A300F2057E /* WBHttpRequest.h */,
				A90B6AF71E6162A300F2057E /* WBSDKBasicButton.h */,
				A90B6AF81E6162A300F2057E /* WBSDKCommentButton.h */,
				A90B6AF91E6162A300F2057E /* WBSDKRelationshipButton.h */,
				A90B6AFA1E6162A300F2057E /* WeiboSDK+Statistics.h */,
				A90B6AFB1E6162A300F2057E /* WeiboSDK.bundle */,
				A90B6AFC1E6162A300F2057E /* WeiboSDK.h */,
				A90B6AFD1E6162A300F2057E /* WeiboUser.h */,
			);
			path = SinaWeiboSDK;
			sourceTree = "<group>";
		};
		A90B6AFE1E6162A300F2057E /* WeChatSDK */ = {
			isa = PBXGroup;
			children = (
				A90B6AFF1E6162A300F2057E /* libWeChatSDK.a */,
				A90B6B001E6162A300F2057E /* read_me.txt */,
				A90B6B011E6162A300F2057E /* README.txt */,
				A90B6B021E6162A300F2057E /* WechatAuthSDK.h */,
				A90B6B031E6162A300F2057E /* WXApi.h */,
				A90B6B041E6162A300F2057E /* WXApiObject.h */,
			);
			path = WeChatSDK;
			sourceTree = "<group>";
		};
		A90B6B051E6162A300F2057E /* Required */ = {
			isa = PBXGroup;
			children = (
				A90B6B061E6162A300F2057E /* MOBFoundation.framework */,
				A90B6B071E6162A300F2057E /* ShareSDK.bundle */,
				A90B6B081E6162A300F2057E /* ShareSDKConnector.framework */,
			);
			path = Required;
			sourceTree = "<group>";
		};
		A9D750201E5C804E00A9662F = {
			isa = PBXGroup;
			children = (
				A9D7502B1E5C804E00A9662F /* PercentAPP */,
				A9D750451E5C804E00A9662F /* PercentAPPTests */,
				A9D750501E5C804E00A9662F /* PercentAPPUITests */,
				A9D7502A1E5C804E00A9662F /* Products */,
				A9E9C9BA1E5D7819002F46BA /* Frameworks */,
				91CD3208580552C05D993CA7 /* Pods */,
			);
			sourceTree = "<group>";
		};
		A9D7502A1E5C804E00A9662F /* Products */ = {
			isa = PBXGroup;
			children = (
				A9D750291E5C804E00A9662F /* PercentAPP.app */,
				A9D750421E5C804E00A9662F /* PercentAPPTests.xctest */,
				A9D7504D1E5C804E00A9662F /* PercentAPPUITests.xctest */,
			);
			name = Products;
			sourceTree = "<group>";
		};
		A9D7502B1E5C804E00A9662F /* PercentAPP */ = {
			isa = PBXGroup;
			children = (
				A90B6ADC1E6162A300F2057E /* ShareSDK */,
				A90B6AB71E607C3900F2057E /* TopAlertView */,
				A9E9C9C71E5D97AD002F46BA /* UICountingLabel */,
				A9E9C9911E5D27CD002F46BA /* BaseViewController.h */,
				A9E9C9921E5D27CD002F46BA /* BaseViewController.m */,
				A9E9C98A1E5D23C0002F46BA /* STLoopProgressView */,
				A9D7502F1E5C804E00A9662F /* AppDelegate.h */,
				A9D750301E5C804E00A9662F /* AppDelegate.m */,
				A9E9C97F1E5D1A4C002F46BA /* YearViewController.h */,
				A9E9C9801E5D1A4C002F46BA /* YearViewController.m */,
				A9E9C9CB1E5E6C13002F46BA /* MonthViewController.h */,
				A9E9C9CC1E5E6C13002F46BA /* MonthViewController.m */,
				A9E9C9CF1E5E7BF9002F46BA /* DayViewController.h */,
				A9E9C9D01E5E7BF9002F46BA /* DayViewController.m */,
				A9D750351E5C804E00A9662F /* Main.storyboard */,
				A9D750381E5C804E00A9662F /* Assets.xcassets */,
				A9D7503A1E5C804E00A9662F /* LaunchScreen.storyboard */,
				A9D7503D1E5C804E00A9662F /* Info.plist */,
				A9D7502C1E5C804E00A9662F /* Supporting Files */,
			);
			path = PercentAPP;
			sourceTree = "<group>";
		};
		A9D7502C1E5C804E00A9662F /* Supporting Files */ = {
			isa = PBXGroup;
			children = (
				A9D7502D1E5C804E00A9662F /* main.m */,
			);
			name = "Supporting Files";
			sourceTree = "<group>";
		};
		A9D750451E5C804E00A9662F /* PercentAPPTests */ = {
			isa = PBXGroup;
			children = (
				A9D750461E5C804E00A9662F /* PercentAPPTests.m */,
				A9D750481E5C804E00A9662F /* Info.plist */,
			);
			path = PercentAPPTests;
			sourceTree = "<group>";
		};
		A9D750501E5C804E00A9662F /* PercentAPPUITests */ = {
			isa = PBXGroup;
			children = (
				A9D750511E5C804E00A9662F /* PercentAPPUITests.m */,
				A9D750531E5C804E00A9662F /* Info.plist */,
			);
			path = PercentAPPUITests;
			sourceTree = "<group>";
		};
		A9E9C98A1E5D23C0002F46BA /* STLoopProgressView */ = {
			isa = PBXGroup;
			children = (
				A9E9C98B1E5D23C0002F46BA /* STLoopProgressView+BaseConfiguration.h */,
				A9E9C98C1E5D23C0002F46BA /* STLoopProgressView+BaseConfiguration.m */,
				A9E9C98D1E5D23C0002F46BA /* STLoopProgressView.h */,
				A9E9C98E1E5D23C0002F46BA /* STLoopProgressView.m */,
			);
			path = STLoopProgressView;
			sourceTree = "<group>";
		};
		A9E9C9BA1E5D7819002F46BA /* Frameworks */ = {
			isa = PBXGroup;
			children = (
				A90B6AB51E6078E800F2057E /* Foundation.framework */,
				A90B6AB31E6078D900F2057E /* CoreGraphics.framework */,
				A90B6AAE1E60778B00F2057E /* UIKit.framework */,
				A90BEB1C1E6024CE00B17E58 /* ImageIO.framework */,
				A9E9C9C31E5D7849002F46BA /* libsqlite3.tbd */,
				A9E9C9C11E5D7837002F46BA /* JavaScriptCore.framework */,
				A9E9C9BF1E5D782F002F46BA /* libstdc++.tbd */,
				A9E9C9BD1E5D7827002F46BA /* libicucore.tbd */,
				A9E9C9BB1E5D7819002F46BA /* libz.tbd */,
				21E5B372AE999EF43535BA97 /* Pods_PercentAPP.framework */,
			);
			name = Frameworks;
			sourceTree = "<group>";
		};
		A9E9C9C71E5D97AD002F46BA /* UICountingLabel */ = {
			isa = PBXGroup;
			children = (
				A9E9C9C81E5D97AD002F46BA /* UICountingLabel.h */,
				A9E9C9C91E5D97AD002F46BA /* UICountingLabel.m */,
			);
			path = UICountingLabel;
			sourceTree = "<group>";
		};
/* End PBXGroup section */

/* Begin PBXNativeTarget section */
		A9D750281E5C804E00A9662F /* PercentAPP */ = {
			isa = PBXNativeTarget;
			buildConfigurationList = A9D750561E5C804E00A9662F /* Build configuration list for PBXNativeTarget "PercentAPP" */;
			buildPhases = (
				98AF31FE2E60DAE2125A1C10 /* [CP] Check Pods Manifest.lock */,
				A9D750251E5C804E00A9662F /* Sources */,
				A9D750261E5C804E00A9662F /* Frameworks */,
				A9D750271E5C804E00A9662F /* Resources */,
				D9F574EEB75F5F0A104E015D /* [CP] Embed Pods Frameworks */,
				500820DC9F0BBD54A5D317FC /* [CP] Copy Pods Resources */,
			);
			buildRules = (
			);
			dependencies = (
			);
			name = PercentAPP;
			productName = PercentAPP;
			productReference = A9D750291E5C804E00A9662F /* PercentAPP.app */;
			productType = "com.apple.product-type.application";
		};
		A9D750411E5C804E00A9662F /* PercentAPPTests */ = {
			isa = PBXNativeTarget;
			buildConfigurationList = A9D750591E5C804E00A9662F /* Build configuration list for PBXNativeTarget "PercentAPPTests" */;
			buildPhases = (
				A9D7503E1E5C804E00A9662F /* Sources */,
				A9D7503F1E5C804E00A9662F /* Frameworks */,
				A9D750401E5C804E00A9662F /* Resources */,
			);
			buildRules = (
			);
			dependencies = (
				A9D750441E5C804E00A9662F /* PBXTargetDependency */,
			);
			name = PercentAPPTests;
			productName = PercentAPPTests;
			productReference = A9D750421E5C804E00A9662F /* PercentAPPTests.xctest */;
			productType = "com.apple.product-type.bundle.unit-test";
		};
		A9D7504C1E5C804E00A9662F /* PercentAPPUITests */ = {
			isa = PBXNativeTarget;
			buildConfigurationList = A9D7505C1E5C804E00A9662F /* Build configuration list for PBXNativeTarget "PercentAPPUITests" */;
			buildPhases = (
				A9D750491E5C804E00A9662F /* Sources */,
				A9D7504A1E5C804E00A9662F /* Frameworks */,
				A9D7504B1E5C804E00A9662F /* Resources */,
			);
			buildRules = (
			);
			dependencies = (
				A9D7504F1E5C804E00A9662F /* PBXTargetDependency */,
			);
			name = PercentAPPUITests;
			productName = PercentAPPUITests;
			productReference = A9D7504D1E5C804E00A9662F /* PercentAPPUITests.xctest */;
			productType = "com.apple.product-type.bundle.ui-testing";
		};
/* End PBXNativeTarget section */

/* Begin PBXProject section */
		A9D750211E5C804E00A9662F /* Project object */ = {
			isa = PBXProject;
			attributes = {
				LastUpgradeCheck = 0820;
				ORGANIZATIONNAME = LiuChanghong;
				TargetAttributes = {
					A9D750281E5C804E00A9662F = {
						CreatedOnToolsVersion = 8.2.1;
						DevelopmentTeam = QW3G8RBYKD;
						ProvisioningStyle = Manual;
					};
					A9D750411E5C804E00A9662F = {
						CreatedOnToolsVersion = 8.2.1;
						DevelopmentTeam = 5VNK8J77R9;
						ProvisioningStyle = Automatic;
						TestTargetID = A9D750281E5C804E00A9662F;
					};
					A9D7504C1E5C804E00A9662F = {
						CreatedOnToolsVersion = 8.2.1;
						DevelopmentTeam = 5VNK8J77R9;
						ProvisioningStyle = Automatic;
						TestTargetID = A9D750281E5C804E00A9662F;
					};
				};
			};
			buildConfigurationList = A9D750241E5C804E00A9662F /* Build configuration list for PBXProject "PercentAPP" */;
			compatibilityVersion = "Xcode 3.2";
			developmentRegion = English;
			hasScannedForEncodings = 0;
			knownRegions = (
				en,
				Base,
			);
			mainGroup = A9D750201E5C804E00A9662F;
			productRefGroup = A9D7502A1E5C804E00A9662F /* Products */;
			projectDirPath = "";
			projectRoot = "";
			targets = (
				A9D750281E5C804E00A9662F /* PercentAPP */,
				A9D750411E5C804E00A9662F /* PercentAPPTests */,
				A9D7504C1E5C804E00A9662F /* PercentAPPUITests */,
			);
		};
/* End PBXProject section */

/* Begin PBXResourcesBuildPhase section */
		A9D750271E5C804E00A9662F /* Resources */ = {
			isa = PBXResourcesBuildPhase;
			buildActionMask = 2147483647;
			files = (
				A90B6AC31E607C3900F2057E /* FontAwesome.ttf in Resources */,
				A9D7503C1E5C804E00A9662F /* LaunchScreen.storyboard in Resources */,
				A9D750391E5C804E00A9662F /* Assets.xcassets in Resources */,
				A90B6B0A1E6162A300F2057E /* ShareSDKConfigFile.bundle in Resources */,
				A90B6B1D1E6162A300F2057E /* ShareSDK.bundle in Resources */,
				A90B6B1B1E6162A300F2057E /* README.txt in Resources */,
				A90B6B161E6162A300F2057E /* TencentOpenApi_IOS_Bundle.bundle in Resources */,
				A90B6B0D1E6162A300F2057E /* ShareSDKUI.bundle in Resources */,
				A9D750371E5C804E00A9662F /* Main.storyboard in Resources */,
				A90B6B1A1E6162A300F2057E /* read_me.txt in Resources */,
				A90B6B181E6162A300F2057E /* WeiboSDK.bundle in Resources */,
			);
			runOnlyForDeploymentPostprocessing = 0;
		};
		A9D750401E5C804E00A9662F /* Resources */ = {
			isa = PBXResourcesBuildPhase;
			buildActionMask = 2147483647;
			files = (
			);
			runOnlyForDeploymentPostprocessing = 0;
		};
		A9D7504B1E5C804E00A9662F /* Resources */ = {
			isa = PBXResourcesBuildPhase;
			buildActionMask = 2147483647;
			files = (
			);
			runOnlyForDeploymentPostprocessing = 0;
		};
/* End PBXResourcesBuildPhase section */

/* Begin PBXShellScriptBuildPhase section */
		500820DC9F0BBD54A5D317FC /* [CP] Copy Pods Resources */ = {
			isa = PBXShellScriptBuildPhase;
			buildActionMask = 2147483647;
			files = (
			);
			inputPaths = (
			);
			name = "[CP] Copy Pods Resources";
			outputPaths = (
			);
			runOnlyForDeploymentPostprocessing = 0;
			shellPath = /bin/sh;
			shellScript = "\"${SRCROOT}/Pods/Target Support Files/Pods-PercentAPP/Pods-PercentAPP-resources.sh\"\n";
			showEnvVarsInLog = 0;
		};
		98AF31FE2E60DAE2125A1C10 /* [CP] Check Pods Manifest.lock */ = {
			isa = PBXShellScriptBuildPhase;
			buildActionMask = 2147483647;
			files = (
			);
			inputPaths = (
			);
			name = "[CP] Check Pods Manifest.lock";
			outputPaths = (
			);
			runOnlyForDeploymentPostprocessing = 0;
			shellPath = /bin/sh;
			shellScript = "diff \"${PODS_ROOT}/../Podfile.lock\" \"${PODS_ROOT}/Manifest.lock\" > /dev/null\nif [ $? != 0 ] ; then\n    # print error to STDERR\n    echo \"error: The sandbox is not in sync with the Podfile.lock. Run 'pod install' or update your CocoaPods installation.\" >&2\n    exit 1\nfi\n";
			showEnvVarsInLog = 0;
		};
		D9F574EEB75F5F0A104E015D /* [CP] Embed Pods Frameworks */ = {
			isa = PBXShellScriptBuildPhase;
			buildActionMask = 2147483647;
			files = (
			);
			inputPaths = (
			);
			name = "[CP] Embed Pods Frameworks";
			outputPaths = (
			);
			runOnlyForDeploymentPostprocessing = 0;
			shellPath = /bin/sh;
			shellScript = "\"${SRCROOT}/Pods/Target Support Files/Pods-PercentAPP/Pods-PercentAPP-frameworks.sh\"\n";
			showEnvVarsInLog = 0;
		};
/* End PBXShellScriptBuildPhase section */

/* Begin PBXSourcesBuildPhase section */
		A9D750251E5C804E00A9662F /* Sources */ = {
			isa = PBXSourcesBuildPhase;
			buildActionMask = 2147483647;
			files = (
				A9E9C98F1E5D23C0002F46BA /* STLoopProgressView+BaseConfiguration.m in Sources */,
				A9E9C9931E5D27CD002F46BA /* BaseViewController.m in Sources */,
				A9E9C9901E5D23C0002F46BA /* STLoopProgressView.m in Sources */,
				A9E9C9CA1E5D97AD002F46BA /* UICountingLabel.m in Sources */,
				A90B6AC61E607C3900F2057E /* MozTopAlertView.m in Sources */,
				A90B6AC41E607C3900F2057E /* NSString+FontAwesome.m in Sources */,
				A9D750311E5C804E00A9662F /* AppDelegate.m in Sources */,
				A9E9C9CD1E5E6C13002F46BA /* MonthViewController.m in Sources */,
				A9E9C9D11E5E7BF9002F46BA /* DayViewController.m in Sources */,
				A90B6AC21E607C3900F2057E /* FAImageView.m in Sources */,
				A9D7502E1E5C804E00A9662F /* main.m in Sources */,
				A9E9C9811E5D1A4C002F46BA /* YearViewController.m in Sources */,
				A90B6AC51E607C3900F2057E /* UIFont+FontAwesome.m in Sources */,
			);
			runOnlyForDeploymentPostprocessing = 0;
		};
		A9D7503E1E5C804E00A9662F /* Sources */ = {
			isa = PBXSourcesBuildPhase;
			buildActionMask = 2147483647;
			files = (
				A9D750471E5C804E00A9662F /* PercentAPPTests.m in Sources */,
			);
			runOnlyForDeploymentPostprocessing = 0;
		};
		A9D750491E5C804E00A9662F /* Sources */ = {
			isa = PBXSourcesBuildPhase;
			buildActionMask = 2147483647;
			files = (
				A9D750521E5C804E00A9662F /* PercentAPPUITests.m in Sources */,
			);
			runOnlyForDeploymentPostprocessing = 0;
		};
/* End PBXSourcesBuildPhase section */

/* Begin PBXTargetDependency section */
		A9D750441E5C804E00A9662F /* PBXTargetDependency */ = {
			isa = PBXTargetDependency;
			target = A9D750281E5C804E00A9662F /* PercentAPP */;
			targetProxy = A9D750431E5C804E00A9662F /* PBXContainerItemProxy */;
		};
		A9D7504F1E5C804E00A9662F /* PBXTargetDependency */ = {
			isa = PBXTargetDependency;
			target = A9D750281E5C804E00A9662F /* PercentAPP */;
			targetProxy = A9D7504E1E5C804E00A9662F /* PBXContainerItemProxy */;
		};
/* End PBXTargetDependency section */

/* Begin PBXVariantGroup section */
		A9D750351E5C804E00A9662F /* Main.storyboard */ = {
			isa = PBXVariantGroup;
			children = (
				A9D750361E5C804E00A9662F /* Base */,
				A9E9C9C51E5D9189002F46BA /* zh-Hans */,
			);
			name = Main.storyboard;
			sourceTree = "<group>";
		};
		A9D7503A1E5C804E00A9662F /* LaunchScreen.storyboard */ = {
			isa = PBXVariantGroup;
			children = (
				A9D7503B1E5C804E00A9662F /* Base */,
				A9E9C9C61E5D9189002F46BA /* zh-Hans */,
			);
			name = LaunchScreen.storyboard;
			sourceTree = "<group>";
		};
/* End PBXVariantGroup section */

/* Begin XCBuildConfiguration section */
		A9D750541E5C804E00A9662F /* Debug */ = {
			isa = XCBuildConfiguration;
			buildSettings = {
				ALWAYS_SEARCH_USER_PATHS = NO;
				CLANG_ANALYZER_LOCALIZABILITY_NONLOCALIZED = YES;
				CLANG_ANALYZER_NONNULL = YES;
				CLANG_CXX_LANGUAGE_STANDARD = "gnu++0x";
				CLANG_CXX_LIBRARY = "libc++";
				CLANG_ENABLE_MODULES = YES;
				CLANG_ENABLE_OBJC_ARC = YES;
				CLANG_WARN_BOOL_CONVERSION = YES;
				CLANG_WARN_CONSTANT_CONVERSION = YES;
				CLANG_WARN_DIRECT_OBJC_ISA_USAGE = YES_ERROR;
				CLANG_WARN_DOCUMENTATION_COMMENTS = YES;
				CLANG_WARN_EMPTY_BODY = YES;
				CLANG_WARN_ENUM_CONVERSION = YES;
				CLANG_WARN_INFINITE_RECURSION = YES;
				CLANG_WARN_INT_CONVERSION = YES;
				CLANG_WARN_OBJC_ROOT_CLASS = YES_ERROR;
				CLANG_WARN_SUSPICIOUS_MOVE = YES;
				CLANG_WARN_UNREACHABLE_CODE = YES;
				CLANG_WARN__DUPLICATE_METHOD_MATCH = YES;
				CODE_SIGN_IDENTITY = "iPhone Developer";
				"CODE_SIGN_IDENTITY[sdk=iphoneos*]" = "iPhone Developer: Changhong Liu (LMLH4VXJV5)";
				COPY_PHASE_STRIP = NO;
				DEBUG_INFORMATION_FORMAT = dwarf;
				DEVELOPMENT_TEAM = QW3G8RBYKD;
				ENABLE_STRICT_OBJC_MSGSEND = YES;
				ENABLE_TESTABILITY = YES;
				GCC_C_LANGUAGE_STANDARD = gnu99;
				GCC_DYNAMIC_NO_PIC = NO;
				GCC_NO_COMMON_BLOCKS = YES;
				GCC_OPTIMIZATION_LEVEL = 0;
				GCC_PREPROCESSOR_DEFINITIONS = (
					"DEBUG=1",
					"$(inherited)",
				);
				GCC_WARN_64_TO_32_BIT_CONVERSION = YES;
				GCC_WARN_ABOUT_RETURN_TYPE = YES_ERROR;
				GCC_WARN_UNDECLARED_SELECTOR = YES;
				GCC_WARN_UNINITIALIZED_AUTOS = YES_AGGRESSIVE;
				GCC_WARN_UNUSED_FUNCTION = YES;
				GCC_WARN_UNUSED_VARIABLE = YES;
				IPHONEOS_DEPLOYMENT_TARGET = 10.2;
				MTL_ENABLE_DEBUG_INFO = YES;
				ONLY_ACTIVE_ARCH = YES;
				SDKROOT = iphoneos;
				TARGETED_DEVICE_FAMILY = "1,2";
			};
			name = Debug;
		};
		A9D750551E5C804E00A9662F /* Release */ = {
			isa = XCBuildConfiguration;
			buildSettings = {
				ALWAYS_SEARCH_USER_PATHS = NO;
				CLANG_ANALYZER_LOCALIZABILITY_NONLOCALIZED = YES;
				CLANG_ANALYZER_NONNULL = YES;
				CLANG_CXX_LANGUAGE_STANDARD = "gnu++0x";
				CLANG_CXX_LIBRARY = "libc++";
				CLANG_ENABLE_MODULES = YES;
				CLANG_ENABLE_OBJC_ARC = YES;
				CLANG_WARN_BOOL_CONVERSION = YES;
				CLANG_WARN_CONSTANT_CONVERSION = YES;
				CLANG_WARN_DIRECT_OBJC_ISA_USAGE = YES_ERROR;
				CLANG_WARN_DOCUMENTATION_COMMENTS = YES;
				CLANG_WARN_EMPTY_BODY = YES;
				CLANG_WARN_ENUM_CONVERSION = YES;
				CLANG_WARN_INFINITE_RECURSION = YES;
				CLANG_WARN_INT_CONVERSION = YES;
				CLANG_WARN_OBJC_ROOT_CLASS = YES_ERROR;
				CLANG_WARN_SUSPICIOUS_MOVE = YES;
				CLANG_WARN_UNREACHABLE_CODE = YES;
				CLANG_WARN__DUPLICATE_METHOD_MATCH = YES;
				CODE_SIGN_IDENTITY = "iPhone Developer";
				"CODE_SIGN_IDENTITY[sdk=iphoneos*]" = "iPhone Developer: Changhong Liu (LMLH4VXJV5)";
				COPY_PHASE_STRIP = NO;
				DEBUG_INFORMATION_FORMAT = "dwarf-with-dsym";
				DEVELOPMENT_TEAM = QW3G8RBYKD;
				ENABLE_NS_ASSERTIONS = NO;
				ENABLE_STRICT_OBJC_MSGSEND = YES;
				GCC_C_LANGUAGE_STANDARD = gnu99;
				GCC_NO_COMMON_BLOCKS = YES;
				GCC_WARN_64_TO_32_BIT_CONVERSION = YES;
				GCC_WARN_ABOUT_RETURN_TYPE = YES_ERROR;
				GCC_WARN_UNDECLARED_SELECTOR = YES;
				GCC_WARN_UNINITIALIZED_AUTOS = YES_AGGRESSIVE;
				GCC_WARN_UNUSED_FUNCTION = YES;
				GCC_WARN_UNUSED_VARIABLE = YES;
				IPHONEOS_DEPLOYMENT_TARGET = 10.2;
				MTL_ENABLE_DEBUG_INFO = NO;
				SDKROOT = iphoneos;
				TARGETED_DEVICE_FAMILY = "1,2";
				VALIDATE_PRODUCT = YES;
			};
			name = Release;
		};
		A9D750571E5C804E00A9662F /* Debug */ = {
			isa = XCBuildConfiguration;
			baseConfigurationReference = 24E3C30FA81170A76D236A21 /* Pods-PercentAPP.debug.xcconfig */;
			buildSettings = {
				ASSETCATALOG_COMPILER_APPICON_NAME = AppIcon;
				CODE_SIGN_IDENTITY = "iPhone Developer: Changhong Liu (LMLH4VXJV5)";
				"CODE_SIGN_IDENTITY[sdk=iphoneos*]" = "iPhone Developer: Changhong Liu (LMLH4VXJV5)";
				DEVELOPMENT_TEAM = QW3G8RBYKD;
				FRAMEWORK_SEARCH_PATHS = (
					"$(inherited)",
					"$(PROJECT_DIR)/PercentAPP/ShareSDK",
					"$(PROJECT_DIR)/PercentAPP/ShareSDK/Support/Optional",
					"$(PROJECT_DIR)/PercentAPP/ShareSDK/Support/PlatformConnector",
					"$(PROJECT_DIR)/PercentAPP/ShareSDK/Support/Required",
					"$(PROJECT_DIR)/PercentAPP/ShareSDK/Support/PlatformSDK/QQSDK",
				);
				INFOPLIST_FILE = PercentAPP/Info.plist;
				IPHONEOS_DEPLOYMENT_TARGET = 9.0;
				LD_RUNPATH_SEARCH_PATHS = "$(inherited) @executable_path/Frameworks";
				LIBRARY_SEARCH_PATHS = (
					"$(inherited)",
					"$(PROJECT_DIR)/PercentAPP/ShareSDK/Support/PlatformSDK/WeChatSDK",
					"$(PROJECT_DIR)/PercentAPP/ShareSDK/Support/PlatformSDK/SinaWeiboSDK",
				);
				OTHER_LDFLAGS = "-all_load";
				PRODUCT_BUNDLE_IDENTIFIER = com.liuchanghong.MyPercent001;
				PRODUCT_NAME = "$(TARGET_NAME)";
				PROVISIONING_PROFILE = "f3e43114-09f2-42c6-b0d8-73bb3265940b";
				PROVISIONING_PROFILE_SPECIFIER = Mypercentdevelopment;
				TARGETED_DEVICE_FAMILY = 1;
			};
			name = Debug;
		};
		A9D750581E5C804E00A9662F /* Release */ = {
			isa = XCBuildConfiguration;
			baseConfigurationReference = 71BEC15631B6CB5F2A3A92E9 /* Pods-PercentAPP.release.xcconfig */;
			buildSettings = {
				ASSETCATALOG_COMPILER_APPICON_NAME = AppIcon;
				CODE_SIGN_IDENTITY = "iPhone Distribution: Changhong Liu (QW3G8RBYKD)";
				"CODE_SIGN_IDENTITY[sdk=iphoneos*]" = "iPhone Distribution: Changhong Liu (QW3G8RBYKD)";
				DEVELOPMENT_TEAM = QW3G8RBYKD;
				FRAMEWORK_SEARCH_PATHS = (
					"$(inherited)",
					"$(PROJECT_DIR)/PercentAPP/ShareSDK",
					"$(PROJECT_DIR)/PercentAPP/ShareSDK/Support/Optional",
					"$(PROJECT_DIR)/PercentAPP/ShareSDK/Support/PlatformConnector",
					"$(PROJECT_DIR)/PercentAPP/ShareSDK/Support/Required",
					"$(PROJECT_DIR)/PercentAPP/ShareSDK/Support/PlatformSDK/QQSDK",
				);
				INFOPLIST_FILE = PercentAPP/Info.plist;
				IPHONEOS_DEPLOYMENT_TARGET = 9.0;
				LD_RUNPATH_SEARCH_PATHS = "$(inherited) @executable_path/Frameworks";
				LIBRARY_SEARCH_PATHS = (
					"$(inherited)",
					"$(PROJECT_DIR)/PercentAPP/ShareSDK/Support/PlatformSDK/WeChatSDK",
					"$(PROJECT_DIR)/PercentAPP/ShareSDK/Support/PlatformSDK/SinaWeiboSDK",
				);
				OTHER_LDFLAGS = "-all_load";
				PRODUCT_BUNDLE_IDENTIFIER = com.liuchanghong.MyPercent001;
				PRODUCT_NAME = "$(TARGET_NAME)";
				PROVISIONING_PROFILE = "";
				PROVISIONING_PROFILE_SPECIFIER = Mypercent;
				TARGETED_DEVICE_FAMILY = 1;
			};
			name = Release;
		};
		A9D7505A1E5C804E00A9662F /* Debug */ = {
			isa = XCBuildConfiguration;
			buildSettings = {
				BUNDLE_LOADER = "$(TEST_HOST)";
				DEVELOPMENT_TEAM = 5VNK8J77R9;
				INFOPLIST_FILE = PercentAPPTests/Info.plist;
				LD_RUNPATH_SEARCH_PATHS = "$(inherited) @executable_path/Frameworks @loader_path/Frameworks";
				PRODUCT_BUNDLE_IDENTIFIER = com.liuchanghong.PercentAPPTests;
				PRODUCT_NAME = "$(TARGET_NAME)";
				TEST_HOST = "$(BUILT_PRODUCTS_DIR)/PercentAPP.app/PercentAPP";
			};
			name = Debug;
		};
		A9D7505B1E5C804E00A9662F /* Release */ = {
			isa = XCBuildConfiguration;
			buildSettings = {
				BUNDLE_LOADER = "$(TEST_HOST)";
				DEVELOPMENT_TEAM = 5VNK8J77R9;
				INFOPLIST_FILE = PercentAPPTests/Info.plist;
				LD_RUNPATH_SEARCH_PATHS = "$(inherited) @executable_path/Frameworks @loader_path/Frameworks";
				PRODUCT_BUNDLE_IDENTIFIER = com.liuchanghong.PercentAPPTests;
				PRODUCT_NAME = "$(TARGET_NAME)";
				TEST_HOST = "$(BUILT_PRODUCTS_DIR)/PercentAPP.app/PercentAPP";
			};
			name = Release;
		};
		A9D7505D1E5C804E00A9662F /* Debug */ = {
			isa = XCBuildConfiguration;
			buildSettings = {
				DEVELOPMENT_TEAM = 5VNK8J77R9;
				INFOPLIST_FILE = PercentAPPUITests/Info.plist;
				LD_RUNPATH_SEARCH_PATHS = "$(inherited) @executable_path/Frameworks @loader_path/Frameworks";
				PRODUCT_BUNDLE_IDENTIFIER = com.liuchanghong.PercentAPPUITests;
				PRODUCT_NAME = "$(TARGET_NAME)";
				TEST_TARGET_NAME = PercentAPP;
			};
			name = Debug;
		};
		A9D7505E1E5C804E00A9662F /* Release */ = {
			isa = XCBuildConfiguration;
			buildSettings = {
				DEVELOPMENT_TEAM = 5VNK8J77R9;
				INFOPLIST_FILE = PercentAPPUITests/Info.plist;
				LD_RUNPATH_SEARCH_PATHS = "$(inherited) @executable_path/Frameworks @loader_path/Frameworks";
				PRODUCT_BUNDLE_IDENTIFIER = com.liuchanghong.PercentAPPUITests;
				PRODUCT_NAME = "$(TARGET_NAME)";
				TEST_TARGET_NAME = PercentAPP;
			};
			name = Release;
		};
/* End XCBuildConfiguration section */

/* Begin XCConfigurationList section */
		A9D750241E5C804E00A9662F /* Build configuration list for PBXProject "PercentAPP" */ = {
			isa = XCConfigurationList;
			buildConfigurations = (
				A9D750541E5C804E00A9662F /* Debug */,
				A9D750551E5C804E00A9662F /* Release */,
			);
			defaultConfigurationIsVisible = 0;
			defaultConfigurationName = Release;
		};
		A9D750561E5C804E00A9662F /* Build configuration list for PBXNativeTarget "PercentAPP" */ = {
			isa = XCConfigurationList;
			buildConfigurations = (
				A9D750571E5C804E00A9662F /* Debug */,
				A9D750581E5C804E00A9662F /* Release */,
			);
			defaultConfigurationIsVisible = 0;
			defaultConfigurationName = Release;
		};
		A9D750591E5C804E00A9662F /* Build configuration list for PBXNativeTarget "PercentAPPTests" */ = {
			isa = XCConfigurationList;
			buildConfigurations = (
				A9D7505A1E5C804E00A9662F /* Debug */,
				A9D7505B1E5C804E00A9662F /* Release */,
			);
			defaultConfigurationIsVisible = 0;
			defaultConfigurationName = Release;
		};
		A9D7505C1E5C804E00A9662F /* Build configuration list for PBXNativeTarget "PercentAPPUITests" */ = {
			isa = XCConfigurationList;
			buildConfigurations = (
				A9D7505D1E5C804E00A9662F /* Debug */,
				A9D7505E1E5C804E00A9662F /* Release */,
			);
			defaultConfigurationIsVisible = 0;
			defaultConfigurationName = Release;
		};
/* End XCConfigurationList section */
	};
	rootObject = A9D750211E5C804E00A9662F /* Project object */;
}
